// !$*UTF8*$!
{
	archiveVersion = 1;
	classes = {
	};
	objectVersion = 50;
	objects = {

/* Begin PBXBuildFile section */
		E123D0A924EF3C5F00DB1827 /* drinks.json in Resources */ = {isa = PBXBuildFile; fileRef = E123D0A824EF3C5F00DB1827 /* drinks.json */; };
		E123D0AB24EF3CAC00DB1827 /* Data.swift in Sources */ = {isa = PBXBuildFile; fileRef = E123D0AA24EF3CAC00DB1827 /* Data.swift */; };
		E123D0AD24EF3F3400DB1827 /* Drink.swift in Sources */ = {isa = PBXBuildFile; fileRef = E123D0AC24EF3F3400DB1827 /* Drink.swift */; };
		E123D0AF24EF40C800DB1827 /* DrinkItem.swift in Sources */ = {isa = PBXBuildFile; fileRef = E123D0AE24EF40C800DB1827 /* DrinkItem.swift */; };
		E123D0B124EF446F00DB1827 /* DrinkRow.swift in Sources */ = {isa = PBXBuildFile; fileRef = E123D0B024EF446F00DB1827 /* DrinkRow.swift */; };
		E123D0B324EF5AFC00DB1827 /* DrinkDetail.swift in Sources */ = {isa = PBXBuildFile; fileRef = E123D0B224EF5AFC00DB1827 /* DrinkDetail.swift */; };
		E1325DEE24EEF12800952B4C /* AppDelegate.swift in Sources */ = {isa = PBXBuildFile; fileRef = E1325DED24EEF12800952B4C /* AppDelegate.swift */; };
		E1325DF024EEF12800952B4C /* SceneDelegate.swift in Sources */ = {isa = PBXBuildFile; fileRef = E1325DEF24EEF12800952B4C /* SceneDelegate.swift */; };
		E1325DF224EEF12800952B4C /* ContentView.swift in Sources */ = {isa = PBXBuildFile; fileRef = E1325DF124EEF12800952B4C /* ContentView.swift */; };
		E1325DF424EEF12800952B4C /* Assets.xcassets in Resources */ = {isa = PBXBuildFile; fileRef = E1325DF324EEF12800952B4C /* Assets.xcassets */; };
		E1325DF724EEF12800952B4C /* Preview Assets.xcassets in Resources */ = {isa = PBXBuildFile; fileRef = E1325DF624EEF12800952B4C /* Preview Assets.xcassets */; };
		E1325DFA24EEF12800952B4C /* LaunchScreen.storyboard in Resources */ = {isa = PBXBuildFile; fileRef = E1325DF824EEF12800952B4C /* LaunchScreen.storyboard */; };
		E1325E0224EEF88900952B4C /* SwiftUIView.swift in Sources */ = {isa = PBXBuildFile; fileRef = E1325E0124EEF88900952B4C /* SwiftUIView.swift */; };
/* End PBXBuildFile section */

/* Begin PBXFileReference section */
		E123D0A824EF3C5F00DB1827 /* drinks.json */ = {isa = PBXFileReference; fileEncoding = 4; lastKnownFileType = text.json; path = drinks.json; sourceTree = "<group>"; };
		E123D0AA24EF3CAC00DB1827 /* Data.swift */ = {isa = PBXFileReference; lastKnownFileType = sourcecode.swift; path = Data.swift; sourceTree = "<group>"; };
		E123D0AC24EF3F3400DB1827 /* Drink.swift */ = {isa = PBXFileReference; lastKnownFileType = sourcecode.swift; path = Drink.swift; sourceTree = "<group>"; };
		E123D0AE24EF40C800DB1827 /* DrinkItem.swift */ = {isa = PBXFileReference; lastKnownFileType = sourcecode.swift; path = DrinkItem.swift; sourceTree = "<group>"; };
		E123D0B024EF446F00DB1827 /* DrinkRow.swift */ = {isa = PBXFileReference; lastKnownFileType = sourcecode.swift; path = DrinkRow.swift; sourceTree = "<group>"; };
		E123D0B224EF5AFC00DB1827 /* DrinkDetail.swift */ = {isa = PBXFileReference; lastKnownFileType = sourcecode.swift; path = DrinkDetail.swift; sourceTree = "<group>"; };
		E1325DEA24EEF12800952B4C /* RealDecoyChallengeApp.app */ = {isa = PBXFileReference; explicitFileType = wrapper.application; includeInIndex = 0; path = RealDecoyChallengeApp.app; sourceTree = BUILT_PRODUCTS_DIR; };
		E1325DED24EEF12800952B4C /* AppDelegate.swift */ = {isa = PBXFileReference; lastKnownFileType = sourcecode.swift; path = AppDelegate.swift; sourceTree = "<group>"; };
		E1325DEF24EEF12800952B4C /* SceneDelegate.swift */ = {isa = PBXFileReference; lastKnownFileType = sourcecode.swift; path = SceneDelegate.swift; sourceTree = "<group>"; };
		E1325DF124EEF12800952B4C /* ContentView.swift */ = {isa = PBXFileReference; lastKnownFileType = sourcecode.swift; path = ContentView.swift; sourceTree = "<group>"; };
		E1325DF324EEF12800952B4C /* Assets.xcassets */ = {isa = PBXFileReference; lastKnownFileType = folder.assetcatalog; path = Assets.xcassets; sourceTree = "<group>"; };
		E1325DF624EEF12800952B4C /* Preview Assets.xcassets */ = {isa = PBXFileReference; lastKnownFileType = folder.assetcatalog; path = "Preview Assets.xcassets"; sourceTree = "<group>"; };
		E1325DF924EEF12800952B4C /* Base */ = {isa = PBXFileReference; lastKnownFileType = file.storyboard; name = Base; path = Base.lproj/LaunchScreen.storyboard; sourceTree = "<group>"; };
		E1325DFB24EEF12800952B4C /* Info.plist */ = {isa = PBXFileReference; lastKnownFileType = text.plist.xml; path = Info.plist; sourceTree = "<group>"; };
		E1325E0124EEF88900952B4C /* SwiftUIView.swift */ = {isa = PBXFileReference; lastKnownFileType = sourcecode.swift; path = SwiftUIView.swift; sourceTree = "<group>"; };
/* End PBXFileReference section */

/* Begin PBXFrameworksBuildPhase section */
		E1325DE724EEF12800952B4C /* Frameworks */ = {
			isa = PBXFrameworksBuildPhase;
			buildActionMask = 2147483647;
			files = (
			);
			runOnlyForDeploymentPostprocessing = 0;
		};
/* End PBXFrameworksBuildPhase section */

/* Begin PBXGroup section */
		E1325DE124EEF12700952B4C = {
			isa = PBXGroup;
			children = (
				E1325E0124EEF88900952B4C /* SwiftUIView.swift */,
				E1325DEC24EEF12800952B4C /* RealDecoyChallengeApp */,
				E1325DEB24EEF12800952B4C /* Products */,
			);
			sourceTree = "<group>";
		};
		E1325DEB24EEF12800952B4C /* Products */ = {
			isa = PBXGroup;
			children = (
				E1325DEA24EEF12800952B4C /* RealDecoyChallengeApp.app */,
			);
			name = Products;
			sourceTree = "<group>";
		};
		E1325DEC24EEF12800952B4C /* RealDecoyChallengeApp */ = {
			isa = PBXGroup;
			children = (
				E1325DED24EEF12800952B4C /* AppDelegate.swift */,
				E1325DEF24EEF12800952B4C /* SceneDelegate.swift */,
				E1325DF124EEF12800952B4C /* ContentView.swift */,
				E123D0B224EF5AFC00DB1827 /* DrinkDetail.swift */,
				E123D0AA24EF3CAC00DB1827 /* Data.swift */,
				E123D0AC24EF3F3400DB1827 /* Drink.swift */,
				E123D0AE24EF40C800DB1827 /* DrinkItem.swift */,
				E123D0B024EF446F00DB1827 /* DrinkRow.swift */,
				E1325DF324EEF12800952B4C /* Assets.xcassets */,
				E1325DF824EEF12800952B4C /* LaunchScreen.storyboard */,
				E1325DFB24EEF12800952B4C /* Info.plist */,
				E123D0A824EF3C5F00DB1827 /* drinks.json */,
				E1325DF524EEF12800952B4C /* Preview Content */,
			);
			path = RealDecoyChallengeApp;
			sourceTree = "<group>";
		};
		E1325DF524EEF12800952B4C /* Preview Content */ = {
			isa = PBXGroup;
			children = (
				E1325DF624EEF12800952B4C /* Preview Assets.xcassets */,
			);
			path = "Preview Content";
			sourceTree = "<group>";
		};
/* End PBXGroup section */

/* Begin PBXNativeTarget section */
		E1325DE924EEF12800952B4C /* RealDecoyChallengeApp */ = {
			isa = PBXNativeTarget;
			buildConfigurationList = E1325DFE24EEF12800952B4C /* Build configuration list for PBXNativeTarget "RealDecoyChallengeApp" */;
			buildPhases = (
				E1325DE624EEF12800952B4C /* Sources */,
				E1325DE724EEF12800952B4C /* Frameworks */,
				E1325DE824EEF12800952B4C /* Resources */,
			);
			buildRules = (
			);
			dependencies = (
			);
			name = RealDecoyChallengeApp;
			productName = RealDecoyChallengeApp;
			productReference = E1325DEA24EEF12800952B4C /* RealDecoyChallengeApp.app */;
			productType = "com.apple.product-type.application";
		};
/* End PBXNativeTarget section */

/* Begin PBXProject section */
		E1325DE224EEF12700952B4C /* Project object */ = {
			isa = PBXProject;
			attributes = {
				LastSwiftUpdateCheck = 1160;
				LastUpgradeCheck = 1160;
				ORGANIZATIONNAME = "Nirav Bavishi";
				TargetAttributes = {
					E1325DE924EEF12800952B4C = {
						CreatedOnToolsVersion = 11.6;
					};
				};
			};
			buildConfigurationList = E1325DE524EEF12700952B4C /* Build configuration list for PBXProject "RealDecoyChallengeApp" */;
			compatibilityVersion = "Xcode 9.3";
			developmentRegion = en;
			hasScannedForEncodings = 0;
			knownRegions = (
				en,
				Base,
			);
			mainGroup = E1325DE124EEF12700952B4C;
			productRefGroup = E1325DEB24EEF12800952B4C /* Products */;
			projectDirPath = "";
			projectRoot = "";
			targets = (
				E1325DE924EEF12800952B4C /* RealDecoyChallengeApp */,
			);
		};
/* End PBXProject section */

/* Begin PBXResourcesBuildPhase section */
		E1325DE824EEF12800952B4C /* Resources */ = {
			isa = PBXResourcesBuildPhase;
			buildActionMask = 2147483647;
			files = (
				E1325DFA24EEF12800952B4C /* LaunchScreen.storyboard in Resources */,
				E1325DF724EEF12800952B4C /* Preview Assets.xcassets in Resources */,
				E123D0A924EF3C5F00DB1827 /* drinks.json in Resources */,
				E1325DF424EEF12800952B4C /* Assets.xcassets in Resources */,
			);
			runOnlyForDeploymentPostprocessing = 0;
		};
/* End PBXResourcesBuildPhase section */

/* Begin PBXSourcesBuildPhase section */
		E1325DE624EEF12800952B4C /* Sources */ = {
			isa = PBXSourcesBuildPhase;
			buildActionMask = 2147483647;
			files = (
				E1325DEE24EEF12800952B4C /* AppDelegate.swift in Sources */,
				E123D0B124EF446F00DB1827 /* DrinkRow.swift in Sources */,
				E123D0AB24EF3CAC00DB1827 /* Data.swift in Sources */,
				E1325DF024EEF12800952B4C /* SceneDelegate.swift in Sources */,
				E123D0AF24EF40C800DB1827 /* DrinkItem.swift in Sources */,
				E123D0B324EF5AFC00DB1827 /* DrinkDetail.swift in Sources */,
				E1325E0224EEF88900952B4C /* SwiftUIView.swift in Sources */,
				E123D0AD24EF3F3400DB1827 /* Drink.swift in Sources */,
				E1325DF224EEF12800952B4C /* ContentView.swift in Sources */,
			);
			runOnlyForDeploymentPostprocessing = 0;
		};
/* End PBXSourcesBuildPhase section */

/* Begin PBXVariantGroup section */
		E1325DF824EEF12800952B4C /* LaunchScreen.storyboard */ = {
			isa = PBXVariantGroup;
			children = (
				E1325DF924EEF12800952B4C /* Base */,
			);
			name = LaunchScreen.storyboard;
			sourceTree = "<group>";
		};
/* End PBXVariantGroup section */

/* Begin XCBuildConfiguration section */
		E1325DFC24EEF12800952B4C /* Debug */ = {
			isa = XCBuildConfiguration;
			buildSettings = {
				ALWAYS_SEARCH_USER_PATHS = NO;
				CLANG_ANALYZER_NONNULL = YES;
				CLANG_ANALYZER_NUMBER_OBJECT_CONVERSION = YES_AGGRESSIVE;
				CLANG_CXX_LANGUAGE_STANDARD = "gnu++14";
				CLANG_CXX_LIBRARY = "libc++";
				CLANG_ENABLE_MODULES = YES;
				CLANG_ENABLE_OBJC_ARC = YES;
				CLANG_ENABLE_OBJC_WEAK = YES;
				CLANG_WARN_BLOCK_CAPTURE_AUTORELEASING = YES;
				CLANG_WARN_BOOL_CONVERSION = YES;
				CLANG_WARN_COMMA = YES;
				CLANG_WARN_CONSTANT_CONVERSION = YES;
				CLANG_WARN_DEPRECATED_OBJC_IMPLEMENTATIONS = YES;
				CLANG_WARN_DIRECT_OBJC_ISA_USAGE = YES_ERROR;
				CLANG_WARN_DOCUMENTATION_COMMENTS = YES;
				CLANG_WARN_EMPTY_BODY = YES;
				CLANG_WARN_ENUM_CONVERSION = YES;
				CLANG_WARN_INFINITE_RECURSION = YES;
				CLANG_WARN_INT_CONVERSION = YES;
				CLANG_WARN_NON_LITERAL_NULL_CONVERSION = YES;
				CLANG_WARN_OBJC_IMPLICIT_RETAIN_SELF = YES;
				CLANG_WARN_OBJC_LITERAL_CONVERSION = YES;
				CLANG_WARN_OBJC_ROOT_CLASS = YES_ERROR;
				CLANG_WARN_RANGE_LOOP_ANALYSIS = YES;
				CLANG_WARN_STRICT_PROTOTYPES = YES;
				CLANG_WARN_SUSPICIOUS_MOVE = YES;
				CLANG_WARN_UNGUARDED_AVAILABILITY = YES_AGGRESSIVE;
				CLANG_WARN_UNREACHABLE_CODE = YES;
				CLANG_WARN__DUPLICATE_METHOD_MATCH = YES;
				COPY_PHASE_STRIP = NO;
				DEBUG_INFORMATION_FORMAT = dwarf;
				ENABLE_STRICT_OBJC_MSGSEND = YES;
				ENABLE_TESTABILITY = YES;
				GCC_C_LANGUAGE_STANDARD = gnu11;
				GCC_DYNAMIC_NO_PIC = NO;
				GCC_NO_COMMON_BLOCKS = YES;
				GCC_OPTIMIZATION_LEVEL = 0;
				GCC_PREPROCESSOR_DEFINITIONS = (
					"DEBUG=1",
					"$(inherited)",
				);
				GCC_WARN_64_TO_32_BIT_CONVERSION = YES;
				GCC_WARN_ABOUT_RETURN_TYPE = YES_ERROR;
				GCC_WARN_UNDECLARED_SELECTOR = YES;
				GCC_WARN_UNINITIALIZED_AUTOS = YES_AGGRESSIVE;
				GCC_WARN_UNUSED_FUNCTION = YES;
				GCC_WARN_UNUSED_VARIABLE = YES;
				IPHONEOS_DEPLOYMENT_TARGET = 13.6;
				MTL_ENABLE_DEBUG_INFO = INCLUDE_SOURCE;
				MTL_FAST_MATH = YES;
				ONLY_ACTIVE_ARCH = YES;
				SDKROOT = iphoneos;
				SWIFT_ACTIVE_COMPILATION_CONDITIONS = DEBUG;
				SWIFT_OPTIMIZATION_LEVEL = "-Onone";
			};
			name = Debug;
		};
		E1325DFD24EEF12800952B4C /* Release */ = {
			isa = XCBuildConfiguration;
			buildSettings = {
				ALWAYS_SEARCH_USER_PATHS = NO;
				CLANG_ANALYZER_NONNULL = YES;
				CLANG_ANALYZER_NUMBER_OBJECT_CONVERSION = YES_AGGRESSIVE;
				CLANG_CXX_LANGUAGE_STANDARD = "gnu++14";
				CLANG_CXX_LIBRARY = "libc++";
				CLANG_ENABLE_MODULES = YES;
				CLANG_ENABLE_OBJC_ARC = YES;
				CLANG_ENABLE_OBJC_WEAK = YES;
				CLANG_WARN_BLOCK_CAPTURE_AUTORELEASING = YES;
				CLANG_WARN_BOOL_CONVERSION = YES;
				CLANG_WARN_COMMA = YES;
				CLANG_WARN_CONSTANT_CONVERSION = YES;
				CLANG_WARN_DEPRECATED_OBJC_IMPLEMENTATIONS = YES;
				CLANG_WARN_DIRECT_OBJC_ISA_USAGE = YES_ERROR;
				CLANG_WARN_DOCUMENTATION_COMMENTS = YES;
				CLANG_WARN_EMPTY_BODY = YES;
				CLANG_WARN_ENUM_CONVERSION = YES;
				CLANG_WARN_INFINITE_RECURSION = YES;
				CLANG_WARN_INT_CONVERSION = YES;
				CLANG_WARN_NON_LITERAL_NULL_CONVERSION = YES;
				CLANG_WARN_OBJC_IMPLICIT_RETAIN_SELF = YES;
				CLANG_WARN_OBJC_LITERAL_CONVERSION = YES;
				CLANG_WARN_OBJC_ROOT_CLASS = YES_ERROR;
				CLANG_WARN_RANGE_LOOP_ANALYSIS = YES;
				CLANG_WARN_STRICT_PROTOTYPES = YES;
				CLANG_WARN_SUSPICIOUS_MOVE = YES;
				CLANG_WARN_UNGUARDED_AVAILABILITY = YES_AGGRESSIVE;
				CLANG_WARN_UNREACHABLE_CODE = YES;
				CLANG_WARN__DUPLICATE_METHOD_MATCH = YES;
				COPY_PHASE_STRIP = NO;
				DEBUG_INFORMATION_FORMAT = "dwarf-with-dsym";
				ENABLE_NS_ASSERTIONS = NO;
				ENABLE_STRICT_OBJC_MSGSEND = YES;
				GCC_C_LANGUAGE_STANDARD = gnu11;
				GCC_NO_COMMON_BLOCKS = YES;
				GCC_WARN_64_TO_32_BIT_CONVERSION = YES;
				GCC_WARN_ABOUT_RETURN_TYPE = YES_ERROR;
				GCC_WARN_UNDECLARED_SELECTOR = YES;
				GCC_WARN_UNINITIALIZED_AUTOS = YES_AGGRESSIVE;
				GCC_WARN_UNUSED_FUNCTION = YES;
				GCC_WARN_UNUSED_VARIABLE = YES;
				IPHONEOS_DEPLOYMENT_TARGET = 13.6;
				MTL_ENABLE_DEBUG_INFO = NO;
				MTL_FAST_MATH = YES;
				SDKROOT = iphoneos;
				SWIFT_COMPILATION_MODE = wholemodule;
				SWIFT_OPTIMIZATION_LEVEL = "-O";
				VALIDATE_PRODUCT = YES;
			};
			name = Release;
		};
		E1325DFF24EEF12800952B4C /* Debug */ = {
			isa = XCBuildConfiguration;
			buildSettings = {
				ASSETCATALOG_COMPILER_APPICON_NAME = AppIcon;
				CODE_SIGN_STYLE = Automatic;
				DEVELOPMENT_ASSET_PATHS = "\"RealDecoyChallengeApp/Preview Content\"";
				ENABLE_PREVIEWS = YES;
				INFOPLIST_FILE = RealDecoyChallengeApp/Info.plist;
				LD_RUNPATH_SEARCH_PATHS = (
					"$(inherited)",
					"@executable_path/Frameworks",
				);
				PRODUCT_BUNDLE_IDENTIFIER = com.nriavbavishi.RealDecoyChallengeApp;
				PRODUCT_NAME = "$(TARGET_NAME)";
				SWIFT_VERSION = 5.0;
				TARGETED_DEVICE_FAMILY = "1,2";
			};
			name = Debug;
		};
		E1325E0024EEF12800952B4C /* Release */ = {
			isa = XCBuildConfiguration;
			buildSettings = {
				ASSETCATALOG_COMPILER_APPICON_NAME = AppIcon;
				CODE_SIGN_STYLE = Automatic;
				DEVELOPMENT_ASSET_PATHS = "\"RealDecoyChallengeApp/Preview Content\"";
				ENABLE_PREVIEWS = YES;
				INFOPLIST_FILE = RealDecoyChallengeApp/Info.plist;
				LD_RUNPATH_SEARCH_PATHS = (
					"$(inherited)",
					"@executable_path/Frameworks",
				);
				PRODUCT_BUNDLE_IDENTIFIER = com.nriavbavishi.RealDecoyChallengeApp;
				PRODUCT_NAME = "$(TARGET_NAME)";
				SWIFT_VERSION = 5.0;
				TARGETED_DEVICE_FAMILY = "1,2";
			};
			name = Release;
		};
/* End XCBuildConfiguration section */

/* Begin XCConfigurationList section */
		E1325DE524EEF12700952B4C /* Build configuration list for PBXProject "RealDecoyChallengeApp" */ = {
			isa = XCConfigurationList;
			buildConfigurations = (
				E1325DFC24EEF12800952B4C /* Debug */,
				E1325DFD24EEF12800952B4C /* Release */,
			);
			defaultConfigurationIsVisible = 0;
			defaultConfigurationName = Release;
		};
		E1325DFE24EEF12800952B4C /* Build configuration list for PBXNativeTarget "RealDecoyChallengeApp" */ = {
			isa = XCConfigurationList;
			buildConfigurations = (
				E1325DFF24EEF12800952B4C /* Debug */,
				E1325E0024EEF12800952B4C /* Release */,
			);
			defaultConfigurationIsVisible = 0;
			defaultConfigurationName = Release;
		};
/* End XCConfigurationList section */
	};
	rootObject = E1325DE224EEF12700952B4C /* Project object */;
}
